Microsoft Visual Studio Solution File, Format Version 12.00
# Visual Studio Version 17
VisualStudioVersion = 17.5.2.0
MinimumVisualStudioVersion = 10.0.40219.1
Project("{FAE04EC0-301F-11D3-BF4B-00C04F79EFBC}") = "CalculadoraAPI", "CalculadoraAPI.csproj", "{8EBE7783-8DCF-4BA9-958E-FBFD1B0DFC78}"
EndProject
Global
	GlobalSection(SolutionConfigurationPlatforms) = preSolution
		Debug|Any CPU = Debug|Any CPU
		Release|Any CPU = Release|Any CPU
	EndGlobalSection
	GlobalSection(ProjectConfigurationPlatforms) = postSolution
		{8EBE7783-8DCF-4BA9-958E-FBFD1B0DFC78}.Debug|Any CPU.ActiveCfg = Debug|Any CPU
		{8EBE7783-8DCF-4BA9-958E-FBFD1B0DFC78}.Debug|Any CPU.Build.0 = Debug|Any CPU
		{8EBE7783-8DCF-4BA9-958E-FBFD1B0DFC78}.Release|Any CPU.ActiveCfg = Release|Any CPU
		{8EBE7783-8DCF-4BA9-958E-FBFD1B0DFC78}.Release|Any CPU.Build.0 = Release|Any CPU
	EndGlobalSection
	GlobalSection(SolutionProperties) = preSolution
		HideSolutionNode = FALSE
	EndGlobalSection
	GlobalSection(ExtensibilityGlobals) = postSolution
		SolutionGuid = {B88C6279-AABC-4B21-AA6C-8387A6001239}
	EndGlobalSection
EndGlobal
